PODS:
  - HalfModalViewController (1.0.0)

DEPENDENCIES:
  - HalfModalViewController (from `../`)

EXTERNAL SOURCES:
  HalfModalViewController:
    :path: "../"

SPEC CHECKSUMS:
  HalfModalViewController: 195006e055e7339017a5a84e35c36b5734af2f78

PODFILE CHECKSUM: c394794aa535c675750e2dab14efeb6dfa3b02ae

COCOAPODS: 1.10.1
